
Microsoft Visual Studio Solution File, Format Version 12.00
# Visual Studio Version 16
VisualStudioVersion = 16.0.29424.173
MinimumVisualStudioVersion = 10.0.40219.1
Project("{FAE04EC0-301F-11D3-BF4B-00C04F79EFBC}") = "DDKTCKE.Android", "DDKTCKE.Android\DDKTCKE.Android.csproj", "{6FB8637A-58B5-4945-85C2-5492C2B89EDF}"
EndProject
Project("{FAE04EC0-301F-11D3-BF4B-00C04F79EFBC}") = "DDKTCKE", "DDKTCKE\DDKTCKE.csproj", "{95AF8BE2-8418-4B5F-9110-026829D50DE8}"
EndProject
Global
	GlobalSection(SolutionConfigurationPlatforms) = preSolution
		Debug|Any CPU = Debug|Any CPU
		Release|Any CPU = Release|Any CPU
	EndGlobalSection
	GlobalSection(ProjectConfigurationPlatforms) = postSolution
		{6FB8637A-58B5-4945-85C2-5492C2B89EDF}.Debug|Any CPU.ActiveCfg = Debug|Any CPU
		{6FB8637A-58B5-4945-85C2-5492C2B89EDF}.Debug|Any CPU.Build.0 = Debug|Any CPU
		{6FB8637A-58B5-4945-85C2-5492C2B89EDF}.Debug|Any CPU.Deploy.0 = Debug|Any CPU
		{6FB8637A-58B5-4945-85C2-5492C2B89EDF}.Release|Any CPU.ActiveCfg = Release|Any CPU
		{6FB8637A-58B5-4945-85C2-5492C2B89EDF}.Release|Any CPU.Build.0 = Release|Any CPU
		{6FB8637A-58B5-4945-85C2-5492C2B89EDF}.Release|Any CPU.Deploy.0 = Release|Any CPU
		{95AF8BE2-8418-4B5F-9110-026829D50DE8}.Debug|Any CPU.ActiveCfg = Debug|Any CPU
		{95AF8BE2-8418-4B5F-9110-026829D50DE8}.Debug|Any CPU.Build.0 = Debug|Any CPU
		{95AF8BE2-8418-4B5F-9110-026829D50DE8}.Debug|Any CPU.Deploy.0 = Debug|Any CPU
		{95AF8BE2-8418-4B5F-9110-026829D50DE8}.Release|Any CPU.ActiveCfg = Release|Any CPU
		{95AF8BE2-8418-4B5F-9110-026829D50DE8}.Release|Any CPU.Build.0 = Release|Any CPU
		{95AF8BE2-8418-4B5F-9110-026829D50DE8}.Release|Any CPU.Deploy.0 = Release|Any CPU
	EndGlobalSection
	GlobalSection(SolutionProperties) = preSolution
		HideSolutionNode = FALSE
	EndGlobalSection
	GlobalSection(ExtensibilityGlobals) = postSolution
		SolutionGuid = {C524F555-FA92-45B9-A549-D3D304F66E06}
	EndGlobalSection
EndGlobal
